
Microsoft Visual Studio Solution File, Format Version 12.00
# Visual Studio Version 17
VisualStudioVersion = 17.13.35825.156
MinimumVisualStudioVersion = 10.0.40219.1
Project("{FAE04EC0-301F-11D3-BF4B-00C04F79EFBC}") = "DoAnLTW_Nhom4", "DoAnLTW_Nhom4\DoAnLTW_Nhom4.csproj", "{025D1B62-BC8B-43E5-B641-3E2F0129BB21}"
EndProject
Global
	GlobalSection(SolutionConfigurationPlatforms) = preSolution
		Debug|Any CPU = Debug|Any CPU
		Release|Any CPU = Release|Any CPU
	EndGlobalSection
	GlobalSection(ProjectConfigurationPlatforms) = postSolution
		{025D1B62-BC8B-43E5-B641-3E2F0129BB21}.Debug|Any CPU.ActiveCfg = Debug|Any CPU
		{025D1B62-BC8B-43E5-B641-3E2F0129BB21}.Debug|Any CPU.Build.0 = Debug|Any CPU
		{025D1B62-BC8B-43E5-B641-3E2F0129BB21}.Release|Any CPU.ActiveCfg = Release|Any CPU
		{025D1B62-BC8B-43E5-B641-3E2F0129BB21}.Release|Any CPU.Build.0 = Release|Any CPU
	EndGlobalSection
	GlobalSection(SolutionProperties) = preSolution
		HideSolutionNode = FALSE
	EndGlobalSection
	GlobalSection(ExtensibilityGlobals) = postSolution
		SolutionGuid = {F5295D71-F9F5-4FB8-BAF2-920C857FC311}
	EndGlobalSection
EndGlobal
